{
  "requires": true,
  "lockfileVersion": 1,
  "dependencies": {
    "vue-cli-plugin-vuetify": {
      "version": "0.4.5",
      "resolved": "https://registry.npmjs.org/vue-cli-plugin-vuetify/-/vue-cli-plugin-vuetify-0.4.5.tgz",
      "integrity": "sha512-OXeKzTZY2Fp6FX0XuF8TosjzO1eCNzbafWierS33/zzKMgWOTdVF4dj/CUDIW7fav/6brBxebsu6RD4rnSF9qg==",
      "dev": true
    }
  }
}
